{
  "name": "canvasquest",
  "version": "0.0.0",
  "lockfileVersion": 3,
  "requires": true,
  "packages": {
    "": {
      "name": "canvasquest",
      "version": "0.0.0",
      "dependencies": {
        "@elevenlabs/react": "^1.15.0",
        "react": "^19.2.8",
        "react-dom": "^19.2.8",
        "reactflow": "^11.11.4",
        "zustand": "^5.0.15"
      },
      "devDependencies": {
        "@types/node": "^24.13.3",
        "@types/react": "^19.2.18",
        "@types/react-dom": "^19.2.4",
        "@vitejs/plugin-react": "^6.1.0",
        "oxlint": "^1.79.0",
        "typescript": "~6.0.2",
        "vite": "^8.2.2"
      }
    },
    "node_modules/@bufbuild/protobuf": {
      "version": "1.10.1",
      "resolved": "https://registry.npmjs.org/@bufbuild/protobuf/-/protobuf-1.10.1.tgz",
      "integrity": "sha512-wJ8ReQbHxsAfXhrf9ixl0aYbZorRuOWpBNzm8pL8ftmSxQx/wnJD5Eg861NwJU/czy2VXFIebCeZnZrI9rktIQ==",
      "license": "(Apache-2.0 AND BSD-3-Clause)"
    },
    "node_modules/@elevenlabs/client": {
      "version": "1.23.0",
      "resolved": "https://registry.npmjs.org/@elevenlabs/client/-/client-1.23.0.tgz",
      "integrity": "sha512-ifYtIqgHwIcPdZuNLtz+B2h0hc+O8kiA3LBxhKMLUrywMkCWKfGRxBRdFRv8Xpc0+SJCktLFAgvgIHrHdpPEGw==",
      "license": "MIT",
      "dependencies": {
        "@elevenlabs/types": "0.22.1",
        "livekit-client": "^2.21.0"
      }
    },
    "node_modules/@elevenlabs/react": {
      "version": "1.15.0",
      "resolved": "https://registry.npmjs.org/@elevenlabs/react/-/react-1.15.0.tgz",
      "integrity": "sha512-bCXfyyANQb2f/sWTaPQPw2r1NVzgFO54JJZ+FPATniHGOKioj4lzPzqC20VasVKLON8HxHPVT/tMffl5KAZ9ew==",
      "license": "MIT",
      "dependencies": {
        "@elevenlabs/client": "1.23.0"
      },
      "peerDependencies": {
        "react": ">=16.8.0"
      }
    },
    "node_modules/@elevenlabs/types": {
      "version": "0.22.1",
      "resolved": "https://registry.npmjs.org/@elevenlabs/types/-/types-0.22.1.tgz",
      "integrity": "sha512-XXKOrDcuzdQQRjn3nclT3X0BUOF7AqwbWPSl1cUAeV31BhPe4KvfSONBRoS1FDOeOzc0tTK6IrdxA+nhM0VKrQ==",
      "license": "MIT"
    },
    "node_modules/@livekit/mutex": {
      "version": "1.1.1",
      "resolved": "https://registry.npmjs.org/@livekit/mutex/-/mutex-1.1.1.tgz",
      "integrity": "sha512-EsshAucklmpuUAfkABPxJNhzj9v2sG7JuzFDL4ML1oJQSV14sqrpTYnsaOudMAw9yOaW53NU3QQTlUQoRs4czw==",
      "license": "Apache-2.0"
    },
    "node_modules/@livekit/protocol": {
      "version": "1.50.4",
      "resolved": "https://registry.npmjs.org/@livekit/protocol/-/protocol-1.50.4.tgz",
      "integrity": "sha512-L1uggNQAqyY21smQY8AllyOYbcv9Me9TaxwuLytL1R8ck9nbYPmQLNwEDi3pOFGAMa5F8I2nUi2Jc59W5awxlA==",
      "license": "Apache-2.0",
      "dependencies": {
        "@bufbuild/protobuf": "^1.10.0"
      }
    },
    "node_modules/zustand": {
      "version": "5.0.15",
      "resolved": "https://registry.npmjs.org/zustand/-/zustand-5.0.15.tgz",
      "integrity": "sha512-MpSEjRiBkA9crSYeOUH32rJC7SVqAbm0Fqcqge/bUi2PPoLcBWKOsG+C8mevmpr8TwXHBVkChbbJiyvkE+i/3A==",
      "license": "MIT",
      "engines": {
        "node": ">=12.20.0"
      }
    }
  }
}
